
Microsoft Visual Studio Solution File, Format Version 12.00
# Visual Studio Version 17
VisualStudioVersion = 17.14.36119.2 d17.14
MinimumVisualStudioVersion = 10.0.40219.1
Project("{FAE04EC0-301F-11D3-BF4B-00C04F79EFBC}") = "FinTech", "FinTech\FinTech.csproj", "{821431B5-5463-4C64-B1F9-A524AC9C9052}"
EndProject
Global
	GlobalSection(SolutionConfigurationPlatforms) = preSolution
		Debug|Any CPU = Debug|Any CPU
		Release|Any CPU = Release|Any CPU
	EndGlobalSection
	GlobalSection(ProjectConfigurationPlatforms) = postSolution
		{821431B5-5463-4C64-B1F9-A524AC9C9052}.Debug|Any CPU.ActiveCfg = Debug|Any CPU
		{821431B5-5463-4C64-B1F9-A524AC9C9052}.Debug|Any CPU.Build.0 = Debug|Any CPU
		{821431B5-5463-4C64-B1F9-A524AC9C9052}.Release|Any CPU.ActiveCfg = Release|Any CPU
		{821431B5-5463-4C64-B1F9-A524AC9C9052}.Release|Any CPU.Build.0 = Release|Any CPU
	EndGlobalSection
	GlobalSection(SolutionProperties) = preSolution
		HideSolutionNode = FALSE
	EndGlobalSection
	GlobalSection(ExtensibilityGlobals) = postSolution
		SolutionGuid = {B46B405E-1A7A-4C65-9A2F-F79349A13D6D}
	EndGlobalSection
EndGlobal
